// !$*UTF8*$!
{
	archiveVersion = 1;
	classes = {
	};
	objectVersion = 46;
	objects = {

/* Begin PBXBuildFile section */
		16244D341DF7B8D200EF6BDB /* main.m in Sources */ = {isa = PBXBuildFile; fileRef = 16244D331DF7B8D200EF6BDB /* main.m */; };
		16244D371DF7B8D200EF6BDB /* AppDelegate.m in Sources */ = {isa = PBXBuildFile; fileRef = 16244D361DF7B8D200EF6BDB /* AppDelegate.m */; };
		16244D3D1DF7B8D200EF6BDB /* Main.storyboard in Resources */ = {isa = PBXBuildFile; fileRef = 16244D3B1DF7B8D200EF6BDB /* Main.storyboard */; };
		16244D3F1DF7B8D200EF6BDB /* Assets.xcassets in Resources */ = {isa = PBXBuildFile; fileRef = 16244D3E1DF7B8D200EF6BDB /* Assets.xcassets */; };
		16244D421DF7B8D200EF6BDB /* LaunchScreen.storyboard in Resources */ = {isa = PBXBuildFile; fileRef = 16244D401DF7B8D200EF6BDB /* LaunchScreen.storyboard */; };
		16244D7A1DF7BBC900EF6BDB /* ViewController.m in Sources */ = {isa = PBXBuildFile; fileRef = 16244D791DF7BBC900EF6BDB /* ViewController.m */; };
		1635BA541E0940230074ABA1 /* SYRuntimeTestViewController.m in Sources */ = {isa = PBXBuildFile; fileRef = 1635BA531E0940230074ABA1 /* SYRuntimeTestViewController.m */; };
		168CB64F1E00F6A30062804B /* NSString+MD5.m in Sources */ = {isa = PBXBuildFile; fileRef = 168CB64E1E00F6A30062804B /* NSString+MD5.m */; };
		16C8B7A51E052B4E00B6C64A /* SYThreadOperation.m in Sources */ = {isa = PBXBuildFile; fileRef = 16C8B7A41E052B4E00B6C64A /* SYThreadOperation.m */; };
		16C8B7AB1E05383800B6C64A /* SYThreadTestViewController.m in Sources */ = {isa = PBXBuildFile; fileRef = 16C8B7AA1E05383800B6C64A /* SYThreadTestViewController.m */; };
		16D412BB1DFABEB700A33ADC /* UIButton+Style.m in Sources */ = {isa = PBXBuildFile; fileRef = 16D412AA1DFABEB700A33ADC /* UIButton+Style.m */; };
		16D412BC1DFABEB700A33ADC /* UIColor+Style.m in Sources */ = {isa = PBXBuildFile; fileRef = 16D412AC1DFABEB700A33ADC /* UIColor+Style.m */; };
		16D412BD1DFABEB700A33ADC /* UIFont+Style.m in Sources */ = {isa = PBXBuildFile; fileRef = 16D412AE1DFABEB700A33ADC /* UIFont+Style.m */; };
		16D412BE1DFABEB700A33ADC /* UILabel+Style.m in Sources */ = {isa = PBXBuildFile; fileRef = 16D412B01DFABEB700A33ADC /* UILabel+Style.m */; };
		16D412BF1DFABEB700A33ADC /* UIView+LayerStyle.m in Sources */ = {isa = PBXBuildFile; fileRef = 16D412B21DFABEB700A33ADC /* UIView+LayerStyle.m */; };
		16D412C01DFABEB700A33ADC /* UIView+Style.m in Sources */ = {isa = PBXBuildFile; fileRef = 16D412B41DFABEB700A33ADC /* UIView+Style.m */; };
		16D412C11DFABEB700A33ADC /* NSArray+Log.m in Sources */ = {isa = PBXBuildFile; fileRef = 16D412B61DFABEB700A33ADC /* NSArray+Log.m */; };
		16D412C21DFABEB700A33ADC /* NSDictionary+Log.m in Sources */ = {isa = PBXBuildFile; fileRef = 16D412B81DFABEB700A33ADC /* NSDictionary+Log.m */; };
		16D84ED61E2CB56800435213 /* SYModel.m in Sources */ = {isa = PBXBuildFile; fileRef = 16D84ED51E2CB56800435213 /* SYModel.m */; };
		16D84EDC1E2CC78A00435213 /* UIViewController+ClassName.m in Sources */ = {isa = PBXBuildFile; fileRef = 16D84EDB1E2CC78A00435213 /* UIViewController+ClassName.m */; };
		16D84EE01E2DC5AC00435213 /* SYMethodForwardTest.m in Sources */ = {isa = PBXBuildFile; fileRef = 16D84EDF1E2DC5AC00435213 /* SYMethodForwardTest.m */; };
		16D84EE31E2DC65700435213 /* SYReplacement.m in Sources */ = {isa = PBXBuildFile; fileRef = 16D84EE21E2DC65700435213 /* SYReplacement.m */; };
		16D84EE61E2DF8C600435213 /* SYMethodSwizzlingTestViewController.m in Sources */ = {isa = PBXBuildFile; fileRef = 16D84EE51E2DF8C600435213 /* SYMethodSwizzlingTestViewController.m */; };
		B926192ED5ECD5AC62981E26 /* libPods-Stone.a in Frameworks */ = {isa = PBXBuildFile; fileRef = 157C7BD9455872946F42C141 /* libPods-Stone.a */; };
/* End PBXBuildFile section */

/* Begin PBXFileReference section */
		157C7BD9455872946F42C141 /* libPods-Stone.a */ = {isa = PBXFileReference; explicitFileType = archive.ar; includeInIndex = 0; path = "libPods-Stone.a"; sourceTree = BUILT_PRODUCTS_DIR; };
		16244D2F1DF7B8D200EF6BDB /* Stone.app */ = {isa = PBXFileReference; explicitFileType = wrapper.application; includeInIndex = 0; path = Stone.app; sourceTree = BUILT_PRODUCTS_DIR; };
		16244D331DF7B8D200EF6BDB /* main.m */ = {isa = PBXFileReference; lastKnownFileType = sourcecode.c.objc; path = main.m; sourceTree = "<group>"; };
		16244D351DF7B8D200EF6BDB /* AppDelegate.h */ = {isa = PBXFileReference; lastKnownFileType = sourcecode.c.h; path = AppDelegate.h; sourceTree = "<group>"; };
		16244D361DF7B8D200EF6BDB /* AppDelegate.m */ = {isa = PBXFileReference; lastKnownFileType = sourcecode.c.objc; path = AppDelegate.m; sourceTree = "<group>"; };
		16244D3C1DF7B8D200EF6BDB /* Base */ = {isa = PBXFileReference; lastKnownFileType = file.storyboard; name = Base; path = Base.lproj/Main.storyboard; sourceTree = "<group>"; };
		16244D3E1DF7B8D200EF6BDB /* Assets.xcassets */ = {isa = PBXFileReference; lastKnownFileType = folder.assetcatalog; path = Assets.xcassets; sourceTree = "<group>"; };
		16244D411DF7B8D200EF6BDB /* Base */ = {isa = PBXFileReference; lastKnownFileType = file.storyboard; name = Base; path = Base.lproj/LaunchScreen.storyboard; sourceTree = "<group>"; };
		16244D431DF7B8D200EF6BDB /* Info.plist */ = {isa = PBXFileReference; lastKnownFileType = text.plist.xml; path = Info.plist; sourceTree = "<group>"; };
		16244D761DF7B9A500EF6BDB /* PrefixHeader.pch */ = {isa = PBXFileReference; lastKnownFileType = sourcecode.c.h; path = PrefixHeader.pch; sourceTree = "<group>"; };
		16244D781DF7BBC900EF6BDB /* ViewController.h */ = {isa = PBXFileReference; fileEncoding = 4; lastKnownFileType = sourcecode.c.h; path = ViewController.h; sourceTree = "<group>"; };
		16244D791DF7BBC900EF6BDB /* ViewController.m */ = {isa = PBXFileReference; fileEncoding = 4; lastKnownFileType = sourcecode.c.objc; path = ViewController.m; sourceTree = "<group>"; };
		1635BA521E0940230074ABA1 /* SYRuntimeTestViewController.h */ = {isa = PBXFileReference; fileEncoding = 4; lastKnownFileType = sourcecode.c.h; path = SYRuntimeTestViewController.h; sourceTree = "<group>"; };
		1635BA531E0940230074ABA1 /* SYRuntimeTestViewController.m */ = {isa = PBXFileReference; fileEncoding = 4; lastKnownFileType = sourcecode.c.objc; path = SYRuntimeTestViewController.m; sourceTree = "<group>"; };
		168CB64D1E00F6A30062804B /* NSString+MD5.h */ = {isa = PBXFileReference; fileEncoding = 4; lastKnownFileType = sourcecode.c.h; path = "NSString+MD5.h"; sourceTree = "<group>"; };
		168CB64E1E00F6A30062804B /* NSString+MD5.m */ = {isa = PBXFileReference; fileEncoding = 4; lastKnownFileType = sourcecode.c.objc; path = "NSString+MD5.m"; sourceTree = "<group>"; };
		16C8B7A31E052B4E00B6C64A /* SYThreadOperation.h */ = {isa = PBXFileReference; fileEncoding = 4; lastKnownFileType = sourcecode.c.h; path = SYThreadOperation.h; sourceTree = "<group>"; };
		16C8B7A41E052B4E00B6C64A /* SYThreadOperation.m */ = {isa = PBXFileReference; fileEncoding = 4; lastKnownFileType = sourcecode.c.objc; path = SYThreadOperation.m; sourceTree = "<group>"; };
		16C8B7A91E05383800B6C64A /* SYThreadTestViewController.h */ = {isa = PBXFileReference; fileEncoding = 4; lastKnownFileType = sourcecode.c.h; path = SYThreadTestViewController.h; sourceTree = "<group>"; };
		16C8B7AA1E05383800B6C64A /* SYThreadTestViewController.m */ = {isa = PBXFileReference; fileEncoding = 4; lastKnownFileType = sourcecode.c.objc; path = SYThreadTestViewController.m; sourceTree = "<group>"; };
		16D412A81DFABEB700A33ADC /* AJKCategoryStyle.h */ = {isa = PBXFileReference; fileEncoding = 4; lastKnownFileType = sourcecode.c.h; path = AJKCategoryStyle.h; sourceTree = "<group>"; };
		16D412A91DFABEB700A33ADC /* UIButton+Style.h */ = {isa = PBXFileReference; fileEncoding = 4; lastKnownFileType = sourcecode.c.h; path = "UIButton+Style.h"; sourceTree = "<group>"; };
		16D412AA1DFABEB700A33ADC /* UIButton+Style.m */ = {isa = PBXFileReference; fileEncoding = 4; lastKnownFileType = sourcecode.c.objc; path = "UIButton+Style.m"; sourceTree = "<group>"; };
		16D412AB1DFABEB700A33ADC /* UIColor+Style.h */ = {isa = PBXFileReference; fileEncoding = 4; lastKnownFileType = sourcecode.c.h; path = "UIColor+Style.h"; sourceTree = "<group>"; };
		16D412AC1DFABEB700A33ADC /* UIColor+Style.m */ = {isa = PBXFileReference; fileEncoding = 4; lastKnownFileType = sourcecode.c.objc; path = "UIColor+Style.m"; sourceTree = "<group>"; };
		16D412AD1DFABEB700A33ADC /* UIFont+Style.h */ = {isa = PBXFileReference; fileEncoding = 4; lastKnownFileType = sourcecode.c.h; path = "UIFont+Style.h"; sourceTree = "<group>"; };
		16D412AE1DFABEB700A33ADC /* UIFont+Style.m */ = {isa = PBXFileReference; fileEncoding = 4; lastKnownFileType = sourcecode.c.objc; path = "UIFont+Style.m"; sourceTree = "<group>"; };
		16D412AF1DFABEB700A33ADC /* UILabel+Style.h */ = {isa = PBXFileReference; fileEncoding = 4; lastKnownFileType = sourcecode.c.h; path = "UILabel+Style.h"; sourceTree = "<group>"; };
		16D412B01DFABEB700A33ADC /* UILabel+Style.m */ = {isa = PBXFileReference; fileEncoding = 4; lastKnownFileType = sourcecode.c.objc; path = "UILabel+Style.m"; sourceTree = "<group>"; };
		16D412B11DFABEB700A33ADC /* UIView+LayerStyle.h */ = {isa = PBXFileReference; fileEncoding = 4; lastKnownFileType = sourcecode.c.h; path = "UIView+LayerStyle.h"; sourceTree = "<group>"; };
		16D412B21DFABEB700A33ADC /* UIView+LayerStyle.m */ = {isa = PBXFileReference; fileEncoding = 4; lastKnownFileType = sourcecode.c.objc; path = "UIView+LayerStyle.m"; sourceTree = "<group>"; };
		16D412B31DFABEB700A33ADC /* UIView+Style.h */ = {isa = PBXFileReference; fileEncoding = 4; lastKnownFileType = sourcecode.c.h; path = "UIView+Style.h"; sourceTree = "<group>"; };
		16D412B41DFABEB700A33ADC /* UIView+Style.m */ = {isa = PBXFileReference; fileEncoding = 4; lastKnownFileType = sourcecode.c.objc; path = "UIView+Style.m"; sourceTree = "<group>"; };
		16D412B51DFABEB700A33ADC /* NSArray+Log.h */ = {isa = PBXFileReference; fileEncoding = 4; lastKnownFileType = sourcecode.c.h; path = "NSArray+Log.h"; sourceTree = "<group>"; };
		16D412B61DFABEB700A33ADC /* NSArray+Log.m */ = {isa = PBXFileReference; fileEncoding = 4; lastKnownFileType = sourcecode.c.objc; path = "NSArray+Log.m"; sourceTree = "<group>"; };
		16D412B71DFABEB700A33ADC /* NSDictionary+Log.h */ = {isa = PBXFileReference; fileEncoding = 4; lastKnownFileType = sourcecode.c.h; path = "NSDictionary+Log.h"; sourceTree = "<group>"; };
		16D412B81DFABEB700A33ADC /* NSDictionary+Log.m */ = {isa = PBXFileReference; fileEncoding = 4; lastKnownFileType = sourcecode.c.objc; path = "NSDictionary+Log.m"; sourceTree = "<group>"; };
		16D412BA1DFABEB700A33ADC /* TodoMacro.h */ = {isa = PBXFileReference; fileEncoding = 4; lastKnownFileType = sourcecode.c.h; path = TodoMacro.h; sourceTree = "<group>"; };
		16D412C31DFABF0300A33ADC /* CommonMacro.h */ = {isa = PBXFileReference; lastKnownFileType = sourcecode.c.h; path = CommonMacro.h; sourceTree = "<group>"; };
		16D84ED41E2CB56800435213 /* SYModel.h */ = {isa = PBXFileReference; fileEncoding = 4; lastKnownFileType = sourcecode.c.h; path = SYModel.h; sourceTree = "<group>"; };
		16D84ED51E2CB56800435213 /* SYModel.m */ = {isa = PBXFileReference; fileEncoding = 4; lastKnownFileType = sourcecode.c.objc; path = SYModel.m; sourceTree = "<group>"; };
		16D84EDA1E2CC78A00435213 /* UIViewController+ClassName.h */ = {isa = PBXFileReference; fileEncoding = 4; lastKnownFileType = sourcecode.c.h; name = "UIViewController+ClassName.h"; path = "CategoryStyle/UIViewController+ClassName.h"; sourceTree = "<group>"; };
		16D84EDB1E2CC78A00435213 /* UIViewController+ClassName.m */ = {isa = PBXFileReference; fileEncoding = 4; lastKnownFileType = sourcecode.c.objc; name = "UIViewController+ClassName.m"; path = "CategoryStyle/UIViewController+ClassName.m"; sourceTree = "<group>"; };
		16D84EDE1E2DC5AC00435213 /* SYMethodForwardTest.h */ = {isa = PBXFileReference; fileEncoding = 4; lastKnownFileType = sourcecode.c.h; path = SYMethodForwardTest.h; sourceTree = "<group>"; };
		16D84EDF1E2DC5AC00435213 /* SYMethodForwardTest.m */ = {isa = PBXFileReference; fileEncoding = 4; lastKnownFileType = sourcecode.c.objc; path = SYMethodForwardTest.m; sourceTree = "<group>"; };
		16D84EE11E2DC65700435213 /* SYReplacement.h */ = {isa = PBXFileReference; fileEncoding = 4; lastKnownFileType = sourcecode.c.h; path = SYReplacement.h; sourceTree = "<group>"; };
		16D84EE21E2DC65700435213 /* SYReplacement.m */ = {isa = PBXFileReference; fileEncoding = 4; lastKnownFileType = sourcecode.c.objc; path = SYReplacement.m; sourceTree = "<group>"; };
		16D84EE41E2DF8C600435213 /* SYMethodSwizzlingTestViewController.h */ = {isa = PBXFileReference; fileEncoding = 4; lastKnownFileType = sourcecode.c.h; path = SYMethodSwizzlingTestViewController.h; sourceTree = "<group>"; };
		16D84EE51E2DF8C600435213 /* SYMethodSwizzlingTestViewController.m */ = {isa = PBXFileReference; fileEncoding = 4; lastKnownFileType = sourcecode.c.objc; path = SYMethodSwizzlingTestViewController.m; sourceTree = "<group>"; };
		6DEF56D403682A71F3BA4437 /* Pods-Stone.debug.xcconfig */ = {isa = PBXFileReference; includeInIndex = 1; lastKnownFileType = text.xcconfig; name = "Pods-Stone.debug.xcconfig"; path = "Pods/Target Support Files/Pods-Stone/Pods-Stone.debug.xcconfig"; sourceTree = "<group>"; };
		C97E6924C19819B15D75E944 /* Pods-Stone.release.xcconfig */ = {isa = PBXFileReference; includeInIndex = 1; lastKnownFileType = text.xcconfig; name = "Pods-Stone.release.xcconfig"; path = "Pods/Target Support Files/Pods-Stone/Pods-Stone.release.xcconfig"; sourceTree = "<group>"; };
/* End PBXFileReference section */

/* Begin PBXFrameworksBuildPhase section */
		16244D2C1DF7B8D200EF6BDB /* Frameworks */ = {
			isa = PBXFrameworksBuildPhase;
			buildActionMask = 2147483647;
			files = (
				B926192ED5ECD5AC62981E26 /* libPods-Stone.a in Frameworks */,
			);
			runOnlyForDeploymentPostprocessing = 0;
		};
/* End PBXFrameworksBuildPhase section */

/* Begin PBXGroup section */
		16244D261DF7B8D200EF6BDB = {
			isa = PBXGroup;
			children = (
				16244D311DF7B8D200EF6BDB /* Stone */,
				16244D301DF7B8D200EF6BDB /* Products */,
				B02FC299998AC42AB9A2FC7F /* Pods */,
				C17704C7DE1E974B11A090CE /* Frameworks */,
			);
			sourceTree = "<group>";
		};
		16244D301DF7B8D200EF6BDB /* Products */ = {
			isa = PBXGroup;
			children = (
				16244D2F1DF7B8D200EF6BDB /* Stone.app */,
			);
			name = Products;
			sourceTree = "<group>";
		};
		16244D311DF7B8D200EF6BDB /* Stone */ = {
			isa = PBXGroup;
			children = (
				16D84EDD1E2DC59800435213 /* Runtime */,
				16D84ED31E2CB4FA00435213 /* Model */,
				16C8B7A21E052AD500B6C64A /* Thread */,
				16D412A61DFABEB700A33ADC /* Categories */,
				16D412B91DFABEB700A33ADC /* Macro */,
				16244D771DF7BBC900EF6BDB /* ViewController */,
				16244D351DF7B8D200EF6BDB /* AppDelegate.h */,
				16244D361DF7B8D200EF6BDB /* AppDelegate.m */,
				16244D3B1DF7B8D200EF6BDB /* Main.storyboard */,
				16244D3E1DF7B8D200EF6BDB /* Assets.xcassets */,
				16244D401DF7B8D200EF6BDB /* LaunchScreen.storyboard */,
				16244D431DF7B8D200EF6BDB /* Info.plist */,
				16244D321DF7B8D200EF6BDB /* Supporting Files */,
				16244D761DF7B9A500EF6BDB /* PrefixHeader.pch */,
			);
			path = Stone;
			sourceTree = "<group>";
		};
		16244D321DF7B8D200EF6BDB /* Supporting Files */ = {
			isa = PBXGroup;
			children = (
				16244D331DF7B8D200EF6BDB /* main.m */,
			);
			name = "Supporting Files";
			sourceTree = "<group>";
		};
		16244D771DF7BBC900EF6BDB /* ViewController */ = {
			isa = PBXGroup;
			children = (
				16244D781DF7BBC900EF6BDB /* ViewController.h */,
				16244D791DF7BBC900EF6BDB /* ViewController.m */,
				16C8B7A91E05383800B6C64A /* SYThreadTestViewController.h */,
				16C8B7AA1E05383800B6C64A /* SYThreadTestViewController.m */,
				1635BA521E0940230074ABA1 /* SYRuntimeTestViewController.h */,
				1635BA531E0940230074ABA1 /* SYRuntimeTestViewController.m */,
			);
			path = ViewController;
			sourceTree = "<group>";
		};
		16C8B7A21E052AD500B6C64A /* Thread */ = {
			isa = PBXGroup;
			children = (
				16C8B7A31E052B4E00B6C64A /* SYThreadOperation.h */,
				16C8B7A41E052B4E00B6C64A /* SYThreadOperation.m */,
			);
			path = Thread;
			sourceTree = "<group>";
		};
		16D412A61DFABEB700A33ADC /* Categories */ = {
			isa = PBXGroup;
			children = (
				16D412A71DFABEB700A33ADC /* CategoryStyle */,
				16D412B51DFABEB700A33ADC /* NSArray+Log.h */,
				16D412B61DFABEB700A33ADC /* NSArray+Log.m */,
				16D412B71DFABEB700A33ADC /* NSDictionary+Log.h */,
				16D412B81DFABEB700A33ADC /* NSDictionary+Log.m */,
				168CB64D1E00F6A30062804B /* NSString+MD5.h */,
				168CB64E1E00F6A30062804B /* NSString+MD5.m */,
				16D84EDA1E2CC78A00435213 /* UIViewController+ClassName.h */,
				16D84EDB1E2CC78A00435213 /* UIViewController+ClassName.m */,
			);
			path = Categories;
			sourceTree = "<group>";
		};
		16D412A71DFABEB700A33ADC /* CategoryStyle */ = {
			isa = PBXGroup;
			children = (
				16D412A81DFABEB700A33ADC /* AJKCategoryStyle.h */,
				16D412A91DFABEB700A33ADC /* UIButton+Style.h */,
				16D412AA1DFABEB700A33ADC /* UIButton+Style.m */,
				16D412AB1DFABEB700A33ADC /* UIColor+Style.h */,
				16D412AC1DFABEB700A33ADC /* UIColor+Style.m */,
				16D412AD1DFABEB700A33ADC /* UIFont+Style.h */,
				16D412AE1DFABEB700A33ADC /* UIFont+Style.m */,
				16D412AF1DFABEB700A33ADC /* UILabel+Style.h */,
				16D412B01DFABEB700A33ADC /* UILabel+Style.m */,
				16D412B11DFABEB700A33ADC /* UIView+LayerStyle.h */,
				16D412B21DFABEB700A33ADC /* UIView+LayerStyle.m */,
				16D412B31DFABEB700A33ADC /* UIView+Style.h */,
				16D412B41DFABEB700A33ADC /* UIView+Style.m */,
			);
			path = CategoryStyle;
			sourceTree = "<group>";
		};
		16D412B91DFABEB700A33ADC /* Macro */ = {
			isa = PBXGroup;
			children = (
				16D412BA1DFABEB700A33ADC /* TodoMacro.h */,
				16D412C31DFABF0300A33ADC /* CommonMacro.h */,
			);
			path = Macro;
			sourceTree = "<group>";
		};
		16D84ED31E2CB4FA00435213 /* Model */ = {
			isa = PBXGroup;
			children = (
				16D84ED41E2CB56800435213 /* SYModel.h */,
				16D84ED51E2CB56800435213 /* SYModel.m */,
			);
			path = Model;
			sourceTree = "<group>";
		};
		16D84EDD1E2DC59800435213 /* Runtime */ = {
			isa = PBXGroup;
			children = (
				16D84EDE1E2DC5AC00435213 /* SYMethodForwardTest.h */,
				16D84EDF1E2DC5AC00435213 /* SYMethodForwardTest.m */,
				16D84EE11E2DC65700435213 /* SYReplacement.h */,
				16D84EE21E2DC65700435213 /* SYReplacement.m */,
				16D84EE41E2DF8C600435213 /* SYMethodSwizzlingTestViewController.h */,
				16D84EE51E2DF8C600435213 /* SYMethodSwizzlingTestViewController.m */,
			);
			path = Runtime;
			sourceTree = "<group>";
		};
		B02FC299998AC42AB9A2FC7F /* Pods */ = {
			isa = PBXGroup;
			children = (
				6DEF56D403682A71F3BA4437 /* Pods-Stone.debug.xcconfig */,
				C97E6924C19819B15D75E944 /* Pods-Stone.release.xcconfig */,
			);
			name = Pods;
			sourceTree = "<group>";
		};
		C17704C7DE1E974B11A090CE /* Frameworks */ = {
			isa = PBXGroup;
			children = (
				157C7BD9455872946F42C141 /* libPods-Stone.a */,
			);
			name = Frameworks;
			sourceTree = "<group>";
		};
/* End PBXGroup section */

/* Begin PBXNativeTarget section */
		16244D2E1DF7B8D200EF6BDB /* Stone */ = {
			isa = PBXNativeTarget;
			buildConfigurationList = 16244D5C1DF7B8D200EF6BDB /* Build configuration list for PBXNativeTarget "Stone" */;
			buildPhases = (
				792097C6E1C7F160F66D9510 /* [CP] Check Pods Manifest.lock */,
				16244D2B1DF7B8D200EF6BDB /* Sources */,
				16244D2C1DF7B8D200EF6BDB /* Frameworks */,
				16244D2D1DF7B8D200EF6BDB /* Resources */,
				C11B4CD3FFBE875DE61555CD /* [CP] Embed Pods Frameworks */,
				1052B78681E344700DEA3FC3 /* [CP] Copy Pods Resources */,
			);
			buildRules = (
			);
			dependencies = (
			);
			name = Stone;
			productName = Stone;
			productReference = 16244D2F1DF7B8D200EF6BDB /* Stone.app */;
			productType = "com.apple.product-type.application";
		};
/* End PBXNativeTarget section */

/* Begin PBXProject section */
		16244D271DF7B8D200EF6BDB /* Project object */ = {
			isa = PBXProject;
			attributes = {
				CLASSPREFIX = SY;
				LastUpgradeCheck = 0810;
				ORGANIZATIONNAME = Stone.Yu;
				TargetAttributes = {
					16244D2E1DF7B8D200EF6BDB = {
						CreatedOnToolsVersion = 8.1;
						ProvisioningStyle = Automatic;
					};
				};
			};
			buildConfigurationList = 16244D2A1DF7B8D200EF6BDB /* Build configuration list for PBXProject "Stone" */;
			compatibilityVersion = "Xcode 3.2";
			developmentRegion = English;
			hasScannedForEncodings = 0;
			knownRegions = (
				en,
				Base,
			);
			mainGroup = 16244D261DF7B8D200EF6BDB;
			productRefGroup = 16244D301DF7B8D200EF6BDB /* Products */;
			projectDirPath = "";
			projectRoot = "";
			targets = (
				16244D2E1DF7B8D200EF6BDB /* Stone */,
			);
		};
/* End PBXProject section */

/* Begin PBXResourcesBuildPhase section */
		16244D2D1DF7B8D200EF6BDB /* Resources */ = {
			isa = PBXResourcesBuildPhase;
			buildActionMask = 2147483647;
			files = (
				16244D421DF7B8D200EF6BDB /* LaunchScreen.storyboard in Resources */,
				16244D3F1DF7B8D200EF6BDB /* Assets.xcassets in Resources */,
				16244D3D1DF7B8D200EF6BDB /* Main.storyboard in Resources */,
			);
			runOnlyForDeploymentPostprocessing = 0;
		};
/* End PBXResourcesBuildPhase section */

/* Begin PBXShellScriptBuildPhase section */
		1052B78681E344700DEA3FC3 /* [CP] Copy Pods Resources */ = {
			isa = PBXShellScriptBuildPhase;
			buildActionMask = 2147483647;
			files = (
			);
			inputPaths = (
			);
			name = "[CP] Copy Pods Resources";
			outputPaths = (
			);
			runOnlyForDeploymentPostprocessing = 0;
			shellPath = /bin/sh;
			shellScript = "\"${SRCROOT}/Pods/Target Support Files/Pods-Stone/Pods-Stone-resources.sh\"\n";
			showEnvVarsInLog = 0;
		};
		792097C6E1C7F160F66D9510 /* [CP] Check Pods Manifest.lock */ = {
			isa = PBXShellScriptBuildPhase;
			buildActionMask = 2147483647;
			files = (
			);
			inputPaths = (
			);
			name = "[CP] Check Pods Manifest.lock";
			outputPaths = (
			);
			runOnlyForDeploymentPostprocessing = 0;
			shellPath = /bin/sh;
			shellScript = "diff \"${PODS_ROOT}/../Podfile.lock\" \"${PODS_ROOT}/Manifest.lock\" > /dev/null\nif [ $? != 0 ] ; then\n    # print error to STDERR\n    echo \"error: The sandbox is not in sync with the Podfile.lock. Run 'pod install' or update your CocoaPods installation.\" >&2\n    exit 1\nfi\n";
			showEnvVarsInLog = 0;
		};
		C11B4CD3FFBE875DE61555CD /* [CP] Embed Pods Frameworks */ = {
			isa = PBXShellScriptBuildPhase;
			buildActionMask = 2147483647;
			files = (
			);
			inputPaths = (
			);
			name = "[CP] Embed Pods Frameworks";
			outputPaths = (
			);
			runOnlyForDeploymentPostprocessing = 0;
			shellPath = /bin/sh;
			shellScript = "\"${SRCROOT}/Pods/Target Support Files/Pods-Stone/Pods-Stone-frameworks.sh\"\n";
			showEnvVarsInLog = 0;
		};
/* End PBXShellScriptBuildPhase section */

/* Begin PBXSourcesBuildPhase section */
		16244D2B1DF7B8D200EF6BDB /* Sources */ = {
			isa = PBXSourcesBuildPhase;
			buildActionMask = 2147483647;
			files = (
				1635BA541E0940230074ABA1 /* SYRuntimeTestViewController.m in Sources */,
				16D84ED61E2CB56800435213 /* SYModel.m in Sources */,
				16D84EE01E2DC5AC00435213 /* SYMethodForwardTest.m in Sources */,
				16D84EE31E2DC65700435213 /* SYReplacement.m in Sources */,
				16D412BF1DFABEB700A33ADC /* UIView+LayerStyle.m in Sources */,
				16244D7A1DF7BBC900EF6BDB /* ViewController.m in Sources */,
				16D412BB1DFABEB700A33ADC /* UIButton+Style.m in Sources */,
				16C8B7A51E052B4E00B6C64A /* SYThreadOperation.m in Sources */,
				16D84EDC1E2CC78A00435213 /* UIViewController+ClassName.m in Sources */,
				16D412BD1DFABEB700A33ADC /* UIFont+Style.m in Sources */,
				16D412C01DFABEB700A33ADC /* UIView+Style.m in Sources */,
				16C8B7AB1E05383800B6C64A /* SYThreadTestViewController.m in Sources */,
				16D412C21DFABEB700A33ADC /* NSDictionary+Log.m in Sources */,
				168CB64F1E00F6A30062804B /* NSString+MD5.m in Sources */,
				16D412C11DFABEB700A33ADC /* NSArray+Log.m in Sources */,
				16244D371DF7B8D200EF6BDB /* AppDelegate.m in Sources */,
				16244D341DF7B8D200EF6BDB /* main.m in Sources */,
				16D84EE61E2DF8C600435213 /* SYMethodSwizzlingTestViewController.m in Sources */,
				16D412BE1DFABEB700A33ADC /* UILabel+Style.m in Sources */,
				16D412BC1DFABEB700A33ADC /* UIColor+Style.m in Sources */,
			);
			runOnlyForDeploymentPostprocessing = 0;
		};
/* End PBXSourcesBuildPhase section */

/* Begin PBXVariantGroup section */
		16244D3B1DF7B8D200EF6BDB /* Main.storyboard */ = {
			isa = PBXVariantGroup;
			children = (
				16244D3C1DF7B8D200EF6BDB /* Base */,
			);
			name = Main.storyboard;
			sourceTree = "<group>";
		};
		16244D401DF7B8D200EF6BDB /* LaunchScreen.storyboard */ = {
			isa = PBXVariantGroup;
			children = (
				16244D411DF7B8D200EF6BDB /* Base */,
			);
			name = LaunchScreen.storyboard;
			sourceTree = "<group>";
		};
/* End PBXVariantGroup section */

/* Begin XCBuildConfiguration section */
		16244D5A1DF7B8D200EF6BDB /* Debug */ = {
			isa = XCBuildConfiguration;
			buildSettings = {
				ALWAYS_SEARCH_USER_PATHS = NO;
				CLANG_ANALYZER_NONNULL = YES;
				CLANG_CXX_LANGUAGE_STANDARD = "gnu++0x";
				CLANG_CXX_LIBRARY = "libc++";
				CLANG_ENABLE_MODULES = YES;
				CLANG_ENABLE_OBJC_ARC = YES;
				CLANG_WARN_BOOL_CONVERSION = YES;
				CLANG_WARN_CONSTANT_CONVERSION = YES;
				CLANG_WARN_DIRECT_OBJC_ISA_USAGE = YES_ERROR;
				CLANG_WARN_DOCUMENTATION_COMMENTS = YES;
				CLANG_WARN_EMPTY_BODY = YES;
				CLANG_WARN_ENUM_CONVERSION = YES;
				CLANG_WARN_INFINITE_RECURSION = YES;
				CLANG_WARN_INT_CONVERSION = YES;
				CLANG_WARN_OBJC_ROOT_CLASS = YES_ERROR;
				CLANG_WARN_SUSPICIOUS_MOVE = YES;
				CLANG_WARN_SUSPICIOUS_MOVES = YES;
				CLANG_WARN_UNREACHABLE_CODE = YES;
				CLANG_WARN__DUPLICATE_METHOD_MATCH = YES;
				"CODE_SIGN_IDENTITY[sdk=iphoneos*]" = "iPhone Developer";
				COPY_PHASE_STRIP = NO;
				DEBUG_INFORMATION_FORMAT = dwarf;
				ENABLE_STRICT_OBJC_MSGSEND = YES;
				ENABLE_TESTABILITY = YES;
				GCC_C_LANGUAGE_STANDARD = gnu99;
				GCC_DYNAMIC_NO_PIC = NO;
				GCC_NO_COMMON_BLOCKS = YES;
				GCC_OPTIMIZATION_LEVEL = 0;
				GCC_PREPROCESSOR_DEFINITIONS = (
					"DEBUG=1",
					"$(inherited)",
				);
				GCC_WARN_64_TO_32_BIT_CONVERSION = YES;
				GCC_WARN_ABOUT_RETURN_TYPE = YES_ERROR;
				GCC_WARN_UNDECLARED_SELECTOR = YES;
				GCC_WARN_UNINITIALIZED_AUTOS = YES_AGGRESSIVE;
				GCC_WARN_UNUSED_FUNCTION = YES;
				GCC_WARN_UNUSED_VARIABLE = YES;
				IPHONEOS_DEPLOYMENT_TARGET = 10.1;
				MTL_ENABLE_DEBUG_INFO = YES;
				ONLY_ACTIVE_ARCH = YES;
				SDKROOT = iphoneos;
				TARGETED_DEVICE_FAMILY = "1,2";
			};
			name = Debug;
		};
		16244D5B1DF7B8D200EF6BDB /* Release */ = {
			isa = XCBuildConfiguration;
			buildSettings = {
				ALWAYS_SEARCH_USER_PATHS = NO;
				CLANG_ANALYZER_NONNULL = YES;
				CLANG_CXX_LANGUAGE_STANDARD = "gnu++0x";
				CLANG_CXX_LIBRARY = "libc++";
				CLANG_ENABLE_MODULES = YES;
				CLANG_ENABLE_OBJC_ARC = YES;
				CLANG_WARN_BOOL_CONVERSION = YES;
				CLANG_WARN_CONSTANT_CONVERSION = YES;
				CLANG_WARN_DIRECT_OBJC_ISA_USAGE = YES_ERROR;
				CLANG_WARN_DOCUMENTATION_COMMENTS = YES;
				CLANG_WARN_EMPTY_BODY = YES;
				CLANG_WARN_ENUM_CONVERSION = YES;
				CLANG_WARN_INFINITE_RECURSION = YES;
				CLANG_WARN_INT_CONVERSION = YES;
				CLANG_WARN_OBJC_ROOT_CLASS = YES_ERROR;
				CLANG_WARN_SUSPICIOUS_MOVE = YES;
				CLANG_WARN_SUSPICIOUS_MOVES = YES;
				CLANG_WARN_UNREACHABLE_CODE = YES;
				CLANG_WARN__DUPLICATE_METHOD_MATCH = YES;
				"CODE_SIGN_IDENTITY[sdk=iphoneos*]" = "iPhone Developer";
				COPY_PHASE_STRIP = NO;
				DEBUG_INFORMATION_FORMAT = "dwarf-with-dsym";
				ENABLE_NS_ASSERTIONS = NO;
				ENABLE_STRICT_OBJC_MSGSEND = YES;
				GCC_C_LANGUAGE_STANDARD = gnu99;
				GCC_NO_COMMON_BLOCKS = YES;
				GCC_WARN_64_TO_32_BIT_CONVERSION = YES;
				GCC_WARN_ABOUT_RETURN_TYPE = YES_ERROR;
				GCC_WARN_UNDECLARED_SELECTOR = YES;
				GCC_WARN_UNINITIALIZED_AUTOS = YES_AGGRESSIVE;
				GCC_WARN_UNUSED_FUNCTION = YES;
				GCC_WARN_UNUSED_VARIABLE = YES;
				IPHONEOS_DEPLOYMENT_TARGET = 10.1;
				MTL_ENABLE_DEBUG_INFO = NO;
				SDKROOT = iphoneos;
				TARGETED_DEVICE_FAMILY = "1,2";
				VALIDATE_PRODUCT = YES;
			};
			name = Release;
		};
		16244D5D1DF7B8D200EF6BDB /* Debug */ = {
			isa = XCBuildConfiguration;
			baseConfigurationReference = 6DEF56D403682A71F3BA4437 /* Pods-Stone.debug.xcconfig */;
			buildSettings = {
				ASSETCATALOG_COMPILER_APPICON_NAME = AppIcon;
				GCC_PRECOMPILE_PREFIX_HEADER = YES;
				GCC_PREFIX_HEADER = Stone/PrefixHeader.pch;
				INFOPLIST_FILE = Stone/Info.plist;
				LD_RUNPATH_SEARCH_PATHS = "$(inherited) @executable_path/Frameworks";
				PRODUCT_BUNDLE_IDENTIFIER = com.stone.Stone;
				PRODUCT_NAME = "$(TARGET_NAME)";
			};
			name = Debug;
		};
		16244D5E1DF7B8D200EF6BDB /* Release */ = {
			isa = XCBuildConfiguration;
			baseConfigurationReference = C97E6924C19819B15D75E944 /* Pods-Stone.release.xcconfig */;
			buildSettings = {
				ASSETCATALOG_COMPILER_APPICON_NAME = AppIcon;
				GCC_PRECOMPILE_PREFIX_HEADER = YES;
				GCC_PREFIX_HEADER = Stone/PrefixHeader.pch;
				INFOPLIST_FILE = Stone/Info.plist;
				LD_RUNPATH_SEARCH_PATHS = "$(inherited) @executable_path/Frameworks";
				PRODUCT_BUNDLE_IDENTIFIER = com.stone.Stone;
				PRODUCT_NAME = "$(TARGET_NAME)";
			};
			name = Release;
		};
/* End XCBuildConfiguration section */

/* Begin XCConfigurationList section */
		16244D2A1DF7B8D200EF6BDB /* Build configuration list for PBXProject "Stone" */ = {
			isa = XCConfigurationList;
			buildConfigurations = (
				16244D5A1DF7B8D200EF6BDB /* Debug */,
				16244D5B1DF7B8D200EF6BDB /* Release */,
			);
			defaultConfigurationIsVisible = 0;
			defaultConfigurationName = Release;
		};
		16244D5C1DF7B8D200EF6BDB /* Build configuration list for PBXNativeTarget "Stone" */ = {
			isa = XCConfigurationList;
			buildConfigurations = (
				16244D5D1DF7B8D200EF6BDB /* Debug */,
				16244D5E1DF7B8D200EF6BDB /* Release */,
			);
			defaultConfigurationIsVisible = 0;
			defaultConfigurationName = Release;
		};
/* End XCConfigurationList section */
	};
	rootObject = 16244D271DF7B8D200EF6BDB /* Project object */;
}
