// !$*UTF8*$!
{
	archiveVersion = 1;
	classes = {
	};
	objectVersion = 46;
	objects = {

/* Begin PBXBuildFile section */
		16244D341DF7B8D200EF6BDB /* main.m in Sources */ = {isa = PBXBuildFile; fileRef = 16244D331DF7B8D200EF6BDB /* main.m */; };
		16244D371DF7B8D200EF6BDB /* AppDelegate.m in Sources */ = {isa = PBXBuildFile; fileRef = 16244D361DF7B8D200EF6BDB /* AppDelegate.m */; };
		16244D3D1DF7B8D200EF6BDB /* Main.storyboard in Resources */ = {isa = PBXBuildFile; fileRef = 16244D3B1DF7B8D200EF6BDB /* Main.storyboard */; };
		16244D3F1DF7B8D200EF6BDB /* Assets.xcassets in Resources */ = {isa = PBXBuildFile; fileRef = 16244D3E1DF7B8D200EF6BDB /* Assets.xcassets */; };
		16244D421DF7B8D200EF6BDB /* LaunchScreen.storyboard in Resources */ = {isa = PBXBuildFile; fileRef = 16244D401DF7B8D200EF6BDB /* LaunchScreen.storyboard */; };
		16244D711DF7B91700EF6BDB /* NSArray+Log.m in Sources */ = {isa = PBXBuildFile; fileRef = 16244D681DF7B91700EF6BDB /* NSArray+Log.m */; };
		16244D721DF7B91700EF6BDB /* NSDictionary+Log.m in Sources */ = {isa = PBXBuildFile; fileRef = 16244D6A1DF7B91700EF6BDB /* NSDictionary+Log.m */; };
		16244D7A1DF7BBC900EF6BDB /* ViewController.m in Sources */ = {isa = PBXBuildFile; fileRef = 16244D791DF7BBC900EF6BDB /* ViewController.m */; };
		16D4129A1DFAB99100A33ADC /* UIButton+Style.m in Sources */ = {isa = PBXBuildFile; fileRef = 16D412951DFAB99100A33ADC /* UIButton+Style.m */; };
		16D4129B1DFAB99100A33ADC /* UILabel+Style.m in Sources */ = {isa = PBXBuildFile; fileRef = 16D412971DFAB99100A33ADC /* UILabel+Style.m */; };
		16D4129C1DFAB99100A33ADC /* UIView+LayerStyle.m in Sources */ = {isa = PBXBuildFile; fileRef = 16D412991DFAB99100A33ADC /* UIView+LayerStyle.m */; };
		16D412A11DFABABF00A33ADC /* UIFont+Style.m in Sources */ = {isa = PBXBuildFile; fileRef = 16D4129E1DFABABF00A33ADC /* UIFont+Style.m */; };
		16D412A21DFABABF00A33ADC /* UIView+Style.m in Sources */ = {isa = PBXBuildFile; fileRef = 16D412A01DFABABF00A33ADC /* UIView+Style.m */; };
		16D412A51DFABAE400A33ADC /* UIColor+Style.m in Sources */ = {isa = PBXBuildFile; fileRef = 16D412A41DFABAE400A33ADC /* UIColor+Style.m */; };
/* End PBXBuildFile section */

/* Begin PBXContainerItemProxy section */
		16244D491DF7B8D200EF6BDB /* PBXContainerItemProxy */ = {
			isa = PBXContainerItemProxy;
			containerPortal = 16244D271DF7B8D200EF6BDB /* Project object */;
			proxyType = 1;
			remoteGlobalIDString = 16244D2E1DF7B8D200EF6BDB;
			remoteInfo = Stone;
		};
		16244D541DF7B8D200EF6BDB /* PBXContainerItemProxy */ = {
			isa = PBXContainerItemProxy;
			containerPortal = 16244D271DF7B8D200EF6BDB /* Project object */;
			proxyType = 1;
			remoteGlobalIDString = 16244D2E1DF7B8D200EF6BDB;
			remoteInfo = Stone;
		};
/* End PBXContainerItemProxy section */

/* Begin PBXFileReference section */
		16244D2F1DF7B8D200EF6BDB /* Stone.app */ = {isa = PBXFileReference; explicitFileType = wrapper.application; includeInIndex = 0; path = Stone.app; sourceTree = BUILT_PRODUCTS_DIR; };
		16244D331DF7B8D200EF6BDB /* main.m */ = {isa = PBXFileReference; lastKnownFileType = sourcecode.c.objc; path = main.m; sourceTree = "<group>"; };
		16244D351DF7B8D200EF6BDB /* AppDelegate.h */ = {isa = PBXFileReference; lastKnownFileType = sourcecode.c.h; path = AppDelegate.h; sourceTree = "<group>"; };
		16244D361DF7B8D200EF6BDB /* AppDelegate.m */ = {isa = PBXFileReference; lastKnownFileType = sourcecode.c.objc; path = AppDelegate.m; sourceTree = "<group>"; };
		16244D3C1DF7B8D200EF6BDB /* Base */ = {isa = PBXFileReference; lastKnownFileType = file.storyboard; name = Base; path = Base.lproj/Main.storyboard; sourceTree = "<group>"; };
		16244D3E1DF7B8D200EF6BDB /* Assets.xcassets */ = {isa = PBXFileReference; lastKnownFileType = folder.assetcatalog; path = Assets.xcassets; sourceTree = "<group>"; };
		16244D411DF7B8D200EF6BDB /* Base */ = {isa = PBXFileReference; lastKnownFileType = file.storyboard; name = Base; path = Base.lproj/LaunchScreen.storyboard; sourceTree = "<group>"; };
		16244D431DF7B8D200EF6BDB /* Info.plist */ = {isa = PBXFileReference; lastKnownFileType = text.plist.xml; path = Info.plist; sourceTree = "<group>"; };
		16244D481DF7B8D200EF6BDB /* StoneTests.xctest */ = {isa = PBXFileReference; explicitFileType = wrapper.cfbundle; includeInIndex = 0; path = StoneTests.xctest; sourceTree = BUILT_PRODUCTS_DIR; };
		16244D531DF7B8D200EF6BDB /* StoneUITests.xctest */ = {isa = PBXFileReference; explicitFileType = wrapper.cfbundle; includeInIndex = 0; path = StoneUITests.xctest; sourceTree = BUILT_PRODUCTS_DIR; };
		16244D671DF7B91700EF6BDB /* NSArray+Log.h */ = {isa = PBXFileReference; fileEncoding = 4; lastKnownFileType = sourcecode.c.h; path = "NSArray+Log.h"; sourceTree = "<group>"; };
		16244D681DF7B91700EF6BDB /* NSArray+Log.m */ = {isa = PBXFileReference; fileEncoding = 4; lastKnownFileType = sourcecode.c.objc; path = "NSArray+Log.m"; sourceTree = "<group>"; };
		16244D691DF7B91700EF6BDB /* NSDictionary+Log.h */ = {isa = PBXFileReference; fileEncoding = 4; lastKnownFileType = sourcecode.c.h; path = "NSDictionary+Log.h"; sourceTree = "<group>"; };
		16244D6A1DF7B91700EF6BDB /* NSDictionary+Log.m */ = {isa = PBXFileReference; fileEncoding = 4; lastKnownFileType = sourcecode.c.objc; path = "NSDictionary+Log.m"; sourceTree = "<group>"; };
		16244D761DF7B9A500EF6BDB /* PrefixHeader.pch */ = {isa = PBXFileReference; lastKnownFileType = sourcecode.c.h; path = PrefixHeader.pch; sourceTree = "<group>"; };
		16244D781DF7BBC900EF6BDB /* ViewController.h */ = {isa = PBXFileReference; fileEncoding = 4; lastKnownFileType = sourcecode.c.h; path = ViewController.h; sourceTree = "<group>"; };
		16244D791DF7BBC900EF6BDB /* ViewController.m */ = {isa = PBXFileReference; fileEncoding = 4; lastKnownFileType = sourcecode.c.objc; path = ViewController.m; sourceTree = "<group>"; };
		16D412911DFAB8FE00A33ADC /* TodoMacro.h */ = {isa = PBXFileReference; fileEncoding = 4; lastKnownFileType = sourcecode.c.h; path = TodoMacro.h; sourceTree = "<group>"; };
		16D412931DFAB99100A33ADC /* AJKCategoryStyle.h */ = {isa = PBXFileReference; fileEncoding = 4; lastKnownFileType = sourcecode.c.h; path = AJKCategoryStyle.h; sourceTree = "<group>"; };
		16D412941DFAB99100A33ADC /* UIButton+Style.h */ = {isa = PBXFileReference; fileEncoding = 4; lastKnownFileType = sourcecode.c.h; path = "UIButton+Style.h"; sourceTree = "<group>"; };
		16D412951DFAB99100A33ADC /* UIButton+Style.m */ = {isa = PBXFileReference; fileEncoding = 4; lastKnownFileType = sourcecode.c.objc; path = "UIButton+Style.m"; sourceTree = "<group>"; };
		16D412961DFAB99100A33ADC /* UILabel+Style.h */ = {isa = PBXFileReference; fileEncoding = 4; lastKnownFileType = sourcecode.c.h; path = "UILabel+Style.h"; sourceTree = "<group>"; };
		16D412971DFAB99100A33ADC /* UILabel+Style.m */ = {isa = PBXFileReference; fileEncoding = 4; lastKnownFileType = sourcecode.c.objc; path = "UILabel+Style.m"; sourceTree = "<group>"; };
		16D412981DFAB99100A33ADC /* UIView+LayerStyle.h */ = {isa = PBXFileReference; fileEncoding = 4; lastKnownFileType = sourcecode.c.h; path = "UIView+LayerStyle.h"; sourceTree = "<group>"; };
		16D412991DFAB99100A33ADC /* UIView+LayerStyle.m */ = {isa = PBXFileReference; fileEncoding = 4; lastKnownFileType = sourcecode.c.objc; path = "UIView+LayerStyle.m"; sourceTree = "<group>"; };
		16D4129D1DFABABF00A33ADC /* UIFont+Style.h */ = {isa = PBXFileReference; fileEncoding = 4; lastKnownFileType = sourcecode.c.h; path = "UIFont+Style.h"; sourceTree = "<group>"; };
		16D4129E1DFABABF00A33ADC /* UIFont+Style.m */ = {isa = PBXFileReference; fileEncoding = 4; lastKnownFileType = sourcecode.c.objc; path = "UIFont+Style.m"; sourceTree = "<group>"; };
		16D4129F1DFABABF00A33ADC /* UIView+Style.h */ = {isa = PBXFileReference; fileEncoding = 4; lastKnownFileType = sourcecode.c.h; path = "UIView+Style.h"; sourceTree = "<group>"; };
		16D412A01DFABABF00A33ADC /* UIView+Style.m */ = {isa = PBXFileReference; fileEncoding = 4; lastKnownFileType = sourcecode.c.objc; path = "UIView+Style.m"; sourceTree = "<group>"; };
		16D412A31DFABAE400A33ADC /* UIColor+Style.h */ = {isa = PBXFileReference; fileEncoding = 4; lastKnownFileType = sourcecode.c.h; path = "UIColor+Style.h"; sourceTree = "<group>"; };
		16D412A41DFABAE400A33ADC /* UIColor+Style.m */ = {isa = PBXFileReference; fileEncoding = 4; lastKnownFileType = sourcecode.c.objc; path = "UIColor+Style.m"; sourceTree = "<group>"; };
/* End PBXFileReference section */

/* Begin PBXFrameworksBuildPhase section */
		16244D2C1DF7B8D200EF6BDB /* Frameworks */ = {
			isa = PBXFrameworksBuildPhase;
			buildActionMask = 2147483647;
			files = (
			);
			runOnlyForDeploymentPostprocessing = 0;
		};
		16244D451DF7B8D200EF6BDB /* Frameworks */ = {
			isa = PBXFrameworksBuildPhase;
			buildActionMask = 2147483647;
			files = (
			);
			runOnlyForDeploymentPostprocessing = 0;
		};
		16244D501DF7B8D200EF6BDB /* Frameworks */ = {
			isa = PBXFrameworksBuildPhase;
			buildActionMask = 2147483647;
			files = (
			);
			runOnlyForDeploymentPostprocessing = 0;
		};
/* End PBXFrameworksBuildPhase section */

/* Begin PBXGroup section */
		16244D261DF7B8D200EF6BDB = {
			isa = PBXGroup;
			children = (
				16244D311DF7B8D200EF6BDB /* Stone */,
				16244D301DF7B8D200EF6BDB /* Products */,
			);
			sourceTree = "<group>";
		};
		16244D301DF7B8D200EF6BDB /* Products */ = {
			isa = PBXGroup;
			children = (
				16244D2F1DF7B8D200EF6BDB /* Stone.app */,
				16244D481DF7B8D200EF6BDB /* StoneTests.xctest */,
				16244D531DF7B8D200EF6BDB /* StoneUITests.xctest */,
			);
			name = Products;
			sourceTree = "<group>";
		};
		16244D311DF7B8D200EF6BDB /* Stone */ = {
			isa = PBXGroup;
			children = (
				16D412901DFAB8FE00A33ADC /* TodoMacro */,
				16244D771DF7BBC900EF6BDB /* ViewController */,
				16244D651DF7B91700EF6BDB /* Category */,
				16244D351DF7B8D200EF6BDB /* AppDelegate.h */,
				16244D361DF7B8D200EF6BDB /* AppDelegate.m */,
				16244D3B1DF7B8D200EF6BDB /* Main.storyboard */,
				16244D3E1DF7B8D200EF6BDB /* Assets.xcassets */,
				16244D401DF7B8D200EF6BDB /* LaunchScreen.storyboard */,
				16244D431DF7B8D200EF6BDB /* Info.plist */,
				16244D321DF7B8D200EF6BDB /* Supporting Files */,
				16244D761DF7B9A500EF6BDB /* PrefixHeader.pch */,
			);
			path = Stone;
			sourceTree = "<group>";
		};
		16244D321DF7B8D200EF6BDB /* Supporting Files */ = {
			isa = PBXGroup;
			children = (
				16244D331DF7B8D200EF6BDB /* main.m */,
			);
			name = "Supporting Files";
			sourceTree = "<group>";
		};
		16244D651DF7B91700EF6BDB /* Category */ = {
			isa = PBXGroup;
			children = (
				16D412921DFAB99100A33ADC /* AJKCategoryStyle */,
				16244D671DF7B91700EF6BDB /* NSArray+Log.h */,
				16244D681DF7B91700EF6BDB /* NSArray+Log.m */,
				16244D691DF7B91700EF6BDB /* NSDictionary+Log.h */,
				16244D6A1DF7B91700EF6BDB /* NSDictionary+Log.m */,
			);
			path = Category;
			sourceTree = "<group>";
		};
		16244D771DF7BBC900EF6BDB /* ViewController */ = {
			isa = PBXGroup;
			children = (
				16244D781DF7BBC900EF6BDB /* ViewController.h */,
				16244D791DF7BBC900EF6BDB /* ViewController.m */,
			);
			path = ViewController;
			sourceTree = "<group>";
		};
		16D412901DFAB8FE00A33ADC /* TodoMacro */ = {
			isa = PBXGroup;
			children = (
				16D412911DFAB8FE00A33ADC /* TodoMacro.h */,
			);
			path = TodoMacro;
			sourceTree = "<group>";
		};
		16D412921DFAB99100A33ADC /* AJKCategoryStyle */ = {
			isa = PBXGroup;
			children = (
				16D412A31DFABAE400A33ADC /* UIColor+Style.h */,
				16D412A41DFABAE400A33ADC /* UIColor+Style.m */,
				16D4129D1DFABABF00A33ADC /* UIFont+Style.h */,
				16D4129E1DFABABF00A33ADC /* UIFont+Style.m */,
				16D4129F1DFABABF00A33ADC /* UIView+Style.h */,
				16D412A01DFABABF00A33ADC /* UIView+Style.m */,
				16D412931DFAB99100A33ADC /* AJKCategoryStyle.h */,
				16D412941DFAB99100A33ADC /* UIButton+Style.h */,
				16D412951DFAB99100A33ADC /* UIButton+Style.m */,
				16D412961DFAB99100A33ADC /* UILabel+Style.h */,
				16D412971DFAB99100A33ADC /* UILabel+Style.m */,
				16D412981DFAB99100A33ADC /* UIView+LayerStyle.h */,
				16D412991DFAB99100A33ADC /* UIView+LayerStyle.m */,
			);
			path = AJKCategoryStyle;
			sourceTree = "<group>";
		};
/* End PBXGroup section */

/* Begin PBXNativeTarget section */
		16244D2E1DF7B8D200EF6BDB /* Stone */ = {
			isa = PBXNativeTarget;
			buildConfigurationList = 16244D5C1DF7B8D200EF6BDB /* Build configuration list for PBXNativeTarget "Stone" */;
			buildPhases = (
				16244D2B1DF7B8D200EF6BDB /* Sources */,
				16244D2C1DF7B8D200EF6BDB /* Frameworks */,
				16244D2D1DF7B8D200EF6BDB /* Resources */,
			);
			buildRules = (
			);
			dependencies = (
			);
			name = Stone;
			productName = Stone;
			productReference = 16244D2F1DF7B8D200EF6BDB /* Stone.app */;
			productType = "com.apple.product-type.application";
		};
		16244D471DF7B8D200EF6BDB /* StoneTests */ = {
			isa = PBXNativeTarget;
			buildConfigurationList = 16244D5F1DF7B8D200EF6BDB /* Build configuration list for PBXNativeTarget "StoneTests" */;
			buildPhases = (
				16244D441DF7B8D200EF6BDB /* Sources */,
				16244D451DF7B8D200EF6BDB /* Frameworks */,
				16244D461DF7B8D200EF6BDB /* Resources */,
			);
			buildRules = (
			);
			dependencies = (
				16244D4A1DF7B8D200EF6BDB /* PBXTargetDependency */,
			);
			name = StoneTests;
			productName = StoneTests;
			productReference = 16244D481DF7B8D200EF6BDB /* StoneTests.xctest */;
			productType = "com.apple.product-type.bundle.unit-test";
		};
		16244D521DF7B8D200EF6BDB /* StoneUITests */ = {
			isa = PBXNativeTarget;
			buildConfigurationList = 16244D621DF7B8D200EF6BDB /* Build configuration list for PBXNativeTarget "StoneUITests" */;
			buildPhases = (
				16244D4F1DF7B8D200EF6BDB /* Sources */,
				16244D501DF7B8D200EF6BDB /* Frameworks */,
				16244D511DF7B8D200EF6BDB /* Resources */,
			);
			buildRules = (
			);
			dependencies = (
				16244D551DF7B8D200EF6BDB /* PBXTargetDependency */,
			);
			name = StoneUITests;
			productName = StoneUITests;
			productReference = 16244D531DF7B8D200EF6BDB /* StoneUITests.xctest */;
			productType = "com.apple.product-type.bundle.ui-testing";
		};
/* End PBXNativeTarget section */

/* Begin PBXProject section */
		16244D271DF7B8D200EF6BDB /* Project object */ = {
			isa = PBXProject;
			attributes = {
				LastUpgradeCheck = 0810;
				ORGANIZATIONNAME = Stone.Yu;
				TargetAttributes = {
					16244D2E1DF7B8D200EF6BDB = {
						CreatedOnToolsVersion = 8.1;
						ProvisioningStyle = Automatic;
					};
					16244D471DF7B8D200EF6BDB = {
						CreatedOnToolsVersion = 8.1;
						ProvisioningStyle = Automatic;
						TestTargetID = 16244D2E1DF7B8D200EF6BDB;
					};
					16244D521DF7B8D200EF6BDB = {
						CreatedOnToolsVersion = 8.1;
						ProvisioningStyle = Automatic;
						TestTargetID = 16244D2E1DF7B8D200EF6BDB;
					};
				};
			};
			buildConfigurationList = 16244D2A1DF7B8D200EF6BDB /* Build configuration list for PBXProject "Stone" */;
			compatibilityVersion = "Xcode 3.2";
			developmentRegion = English;
			hasScannedForEncodings = 0;
			knownRegions = (
				en,
				Base,
			);
			mainGroup = 16244D261DF7B8D200EF6BDB;
			productRefGroup = 16244D301DF7B8D200EF6BDB /* Products */;
			projectDirPath = "";
			projectRoot = "";
			targets = (
				16244D2E1DF7B8D200EF6BDB /* Stone */,
				16244D471DF7B8D200EF6BDB /* StoneTests */,
				16244D521DF7B8D200EF6BDB /* StoneUITests */,
			);
		};
/* End PBXProject section */

/* Begin PBXResourcesBuildPhase section */
		16244D2D1DF7B8D200EF6BDB /* Resources */ = {
			isa = PBXResourcesBuildPhase;
			buildActionMask = 2147483647;
			files = (
				16244D421DF7B8D200EF6BDB /* LaunchScreen.storyboard in Resources */,
				16244D3F1DF7B8D200EF6BDB /* Assets.xcassets in Resources */,
				16244D3D1DF7B8D200EF6BDB /* Main.storyboard in Resources */,
			);
			runOnlyForDeploymentPostprocessing = 0;
		};
		16244D461DF7B8D200EF6BDB /* Resources */ = {
			isa = PBXResourcesBuildPhase;
			buildActionMask = 2147483647;
			files = (
			);
			runOnlyForDeploymentPostprocessing = 0;
		};
		16244D511DF7B8D200EF6BDB /* Resources */ = {
			isa = PBXResourcesBuildPhase;
			buildActionMask = 2147483647;
			files = (
			);
			runOnlyForDeploymentPostprocessing = 0;
		};
/* End PBXResourcesBuildPhase section */

/* Begin PBXSourcesBuildPhase section */
		16244D2B1DF7B8D200EF6BDB /* Sources */ = {
			isa = PBXSourcesBuildPhase;
			buildActionMask = 2147483647;
			files = (
				16D4129C1DFAB99100A33ADC /* UIView+LayerStyle.m in Sources */,
				16244D711DF7B91700EF6BDB /* NSArray+Log.m in Sources */,
				16D412A51DFABAE400A33ADC /* UIColor+Style.m in Sources */,
				16D412A11DFABABF00A33ADC /* UIFont+Style.m in Sources */,
				16244D7A1DF7BBC900EF6BDB /* ViewController.m in Sources */,
				16244D371DF7B8D200EF6BDB /* AppDelegate.m in Sources */,
				16244D721DF7B91700EF6BDB /* NSDictionary+Log.m in Sources */,
				16244D341DF7B8D200EF6BDB /* main.m in Sources */,
				16D4129B1DFAB99100A33ADC /* UILabel+Style.m in Sources */,
				16D412A21DFABABF00A33ADC /* UIView+Style.m in Sources */,
				16D4129A1DFAB99100A33ADC /* UIButton+Style.m in Sources */,
			);
			runOnlyForDeploymentPostprocessing = 0;
		};
		16244D441DF7B8D200EF6BDB /* Sources */ = {
			isa = PBXSourcesBuildPhase;
			buildActionMask = 2147483647;
			files = (
			);
			runOnlyForDeploymentPostprocessing = 0;
		};
		16244D4F1DF7B8D200EF6BDB /* Sources */ = {
			isa = PBXSourcesBuildPhase;
			buildActionMask = 2147483647;
			files = (
			);
			runOnlyForDeploymentPostprocessing = 0;
		};
/* End PBXSourcesBuildPhase section */

/* Begin PBXTargetDependency section */
		16244D4A1DF7B8D200EF6BDB /* PBXTargetDependency */ = {
			isa = PBXTargetDependency;
			target = 16244D2E1DF7B8D200EF6BDB /* Stone */;
			targetProxy = 16244D491DF7B8D200EF6BDB /* PBXContainerItemProxy */;
		};
		16244D551DF7B8D200EF6BDB /* PBXTargetDependency */ = {
			isa = PBXTargetDependency;
			target = 16244D2E1DF7B8D200EF6BDB /* Stone */;
			targetProxy = 16244D541DF7B8D200EF6BDB /* PBXContainerItemProxy */;
		};
/* End PBXTargetDependency section */

/* Begin PBXVariantGroup section */
		16244D3B1DF7B8D200EF6BDB /* Main.storyboard */ = {
			isa = PBXVariantGroup;
			children = (
				16244D3C1DF7B8D200EF6BDB /* Base */,
			);
			name = Main.storyboard;
			sourceTree = "<group>";
		};
		16244D401DF7B8D200EF6BDB /* LaunchScreen.storyboard */ = {
			isa = PBXVariantGroup;
			children = (
				16244D411DF7B8D200EF6BDB /* Base */,
			);
			name = LaunchScreen.storyboard;
			sourceTree = "<group>";
		};
/* End PBXVariantGroup section */

/* Begin XCBuildConfiguration section */
		16244D5A1DF7B8D200EF6BDB /* Debug */ = {
			isa = XCBuildConfiguration;
			buildSettings = {
				ALWAYS_SEARCH_USER_PATHS = NO;
				CLANG_ANALYZER_NONNULL = YES;
				CLANG_CXX_LANGUAGE_STANDARD = "gnu++0x";
				CLANG_CXX_LIBRARY = "libc++";
				CLANG_ENABLE_MODULES = YES;
				CLANG_ENABLE_OBJC_ARC = YES;
				CLANG_WARN_BOOL_CONVERSION = YES;
				CLANG_WARN_CONSTANT_CONVERSION = YES;
				CLANG_WARN_DIRECT_OBJC_ISA_USAGE = YES_ERROR;
				CLANG_WARN_DOCUMENTATION_COMMENTS = YES;
				CLANG_WARN_EMPTY_BODY = YES;
				CLANG_WARN_ENUM_CONVERSION = YES;
				CLANG_WARN_INFINITE_RECURSION = YES;
				CLANG_WARN_INT_CONVERSION = YES;
				CLANG_WARN_OBJC_ROOT_CLASS = YES_ERROR;
				CLANG_WARN_SUSPICIOUS_MOVES = YES;
				CLANG_WARN_UNREACHABLE_CODE = YES;
				CLANG_WARN__DUPLICATE_METHOD_MATCH = YES;
				"CODE_SIGN_IDENTITY[sdk=iphoneos*]" = "iPhone Developer";
				COPY_PHASE_STRIP = NO;
				DEBUG_INFORMATION_FORMAT = dwarf;
				ENABLE_STRICT_OBJC_MSGSEND = YES;
				ENABLE_TESTABILITY = YES;
				GCC_C_LANGUAGE_STANDARD = gnu99;
				GCC_DYNAMIC_NO_PIC = NO;
				GCC_NO_COMMON_BLOCKS = YES;
				GCC_OPTIMIZATION_LEVEL = 0;
				GCC_PREPROCESSOR_DEFINITIONS = (
					"DEBUG=1",
					"$(inherited)",
				);
				GCC_WARN_64_TO_32_BIT_CONVERSION = YES;
				GCC_WARN_ABOUT_RETURN_TYPE = YES_ERROR;
				GCC_WARN_UNDECLARED_SELECTOR = YES;
				GCC_WARN_UNINITIALIZED_AUTOS = YES_AGGRESSIVE;
				GCC_WARN_UNUSED_FUNCTION = YES;
				GCC_WARN_UNUSED_VARIABLE = YES;
				IPHONEOS_DEPLOYMENT_TARGET = 10.1;
				MTL_ENABLE_DEBUG_INFO = YES;
				ONLY_ACTIVE_ARCH = YES;
				SDKROOT = iphoneos;
				TARGETED_DEVICE_FAMILY = "1,2";
			};
			name = Debug;
		};
		16244D5B1DF7B8D200EF6BDB /* Release */ = {
			isa = XCBuildConfiguration;
			buildSettings = {
				ALWAYS_SEARCH_USER_PATHS = NO;
				CLANG_ANALYZER_NONNULL = YES;
				CLANG_CXX_LANGUAGE_STANDARD = "gnu++0x";
				CLANG_CXX_LIBRARY = "libc++";
				CLANG_ENABLE_MODULES = YES;
				CLANG_ENABLE_OBJC_ARC = YES;
				CLANG_WARN_BOOL_CONVERSION = YES;
				CLANG_WARN_CONSTANT_CONVERSION = YES;
				CLANG_WARN_DIRECT_OBJC_ISA_USAGE = YES_ERROR;
				CLANG_WARN_DOCUMENTATION_COMMENTS = YES;
				CLANG_WARN_EMPTY_BODY = YES;
				CLANG_WARN_ENUM_CONVERSION = YES;
				CLANG_WARN_INFINITE_RECURSION = YES;
				CLANG_WARN_INT_CONVERSION = YES;
				CLANG_WARN_OBJC_ROOT_CLASS = YES_ERROR;
				CLANG_WARN_SUSPICIOUS_MOVES = YES;
				CLANG_WARN_UNREACHABLE_CODE = YES;
				CLANG_WARN__DUPLICATE_METHOD_MATCH = YES;
				"CODE_SIGN_IDENTITY[sdk=iphoneos*]" = "iPhone Developer";
				COPY_PHASE_STRIP = NO;
				DEBUG_INFORMATION_FORMAT = "dwarf-with-dsym";
				ENABLE_NS_ASSERTIONS = NO;
				ENABLE_STRICT_OBJC_MSGSEND = YES;
				GCC_C_LANGUAGE_STANDARD = gnu99;
				GCC_NO_COMMON_BLOCKS = YES;
				GCC_WARN_64_TO_32_BIT_CONVERSION = YES;
				GCC_WARN_ABOUT_RETURN_TYPE = YES_ERROR;
				GCC_WARN_UNDECLARED_SELECTOR = YES;
				GCC_WARN_UNINITIALIZED_AUTOS = YES_AGGRESSIVE;
				GCC_WARN_UNUSED_FUNCTION = YES;
				GCC_WARN_UNUSED_VARIABLE = YES;
				IPHONEOS_DEPLOYMENT_TARGET = 10.1;
				MTL_ENABLE_DEBUG_INFO = NO;
				SDKROOT = iphoneos;
				TARGETED_DEVICE_FAMILY = "1,2";
				VALIDATE_PRODUCT = YES;
			};
			name = Release;
		};
		16244D5D1DF7B8D200EF6BDB /* Debug */ = {
			isa = XCBuildConfiguration;
			buildSettings = {
				ASSETCATALOG_COMPILER_APPICON_NAME = AppIcon;
				GCC_PRECOMPILE_PREFIX_HEADER = YES;
				GCC_PREFIX_HEADER = Stone/PrefixHeader.pch;
				INFOPLIST_FILE = Stone/Info.plist;
				LD_RUNPATH_SEARCH_PATHS = "$(inherited) @executable_path/Frameworks";
				PRODUCT_BUNDLE_IDENTIFIER = com.stone.Stone;
				PRODUCT_NAME = "$(TARGET_NAME)";
			};
			name = Debug;
		};
		16244D5E1DF7B8D200EF6BDB /* Release */ = {
			isa = XCBuildConfiguration;
			buildSettings = {
				ASSETCATALOG_COMPILER_APPICON_NAME = AppIcon;
				GCC_PRECOMPILE_PREFIX_HEADER = YES;
				GCC_PREFIX_HEADER = Stone/PrefixHeader.pch;
				INFOPLIST_FILE = Stone/Info.plist;
				LD_RUNPATH_SEARCH_PATHS = "$(inherited) @executable_path/Frameworks";
				PRODUCT_BUNDLE_IDENTIFIER = com.stone.Stone;
				PRODUCT_NAME = "$(TARGET_NAME)";
			};
			name = Release;
		};
		16244D601DF7B8D200EF6BDB /* Debug */ = {
			isa = XCBuildConfiguration;
			buildSettings = {
				BUNDLE_LOADER = "$(TEST_HOST)";
				INFOPLIST_FILE = StoneTests/Info.plist;
				LD_RUNPATH_SEARCH_PATHS = "$(inherited) @executable_path/Frameworks @loader_path/Frameworks";
				PRODUCT_BUNDLE_IDENTIFIER = com.stone.StoneTests;
				PRODUCT_NAME = "$(TARGET_NAME)";
				TEST_HOST = "$(BUILT_PRODUCTS_DIR)/Stone.app/Stone";
			};
			name = Debug;
		};
		16244D611DF7B8D200EF6BDB /* Release */ = {
			isa = XCBuildConfiguration;
			buildSettings = {
				BUNDLE_LOADER = "$(TEST_HOST)";
				INFOPLIST_FILE = StoneTests/Info.plist;
				LD_RUNPATH_SEARCH_PATHS = "$(inherited) @executable_path/Frameworks @loader_path/Frameworks";
				PRODUCT_BUNDLE_IDENTIFIER = com.stone.StoneTests;
				PRODUCT_NAME = "$(TARGET_NAME)";
				TEST_HOST = "$(BUILT_PRODUCTS_DIR)/Stone.app/Stone";
			};
			name = Release;
		};
		16244D631DF7B8D200EF6BDB /* Debug */ = {
			isa = XCBuildConfiguration;
			buildSettings = {
				INFOPLIST_FILE = StoneUITests/Info.plist;
				LD_RUNPATH_SEARCH_PATHS = "$(inherited) @executable_path/Frameworks @loader_path/Frameworks";
				PRODUCT_BUNDLE_IDENTIFIER = com.stone.StoneUITests;
				PRODUCT_NAME = "$(TARGET_NAME)";
				TEST_TARGET_NAME = Stone;
			};
			name = Debug;
		};
		16244D641DF7B8D200EF6BDB /* Release */ = {
			isa = XCBuildConfiguration;
			buildSettings = {
				INFOPLIST_FILE = StoneUITests/Info.plist;
				LD_RUNPATH_SEARCH_PATHS = "$(inherited) @executable_path/Frameworks @loader_path/Frameworks";
				PRODUCT_BUNDLE_IDENTIFIER = com.stone.StoneUITests;
				PRODUCT_NAME = "$(TARGET_NAME)";
				TEST_TARGET_NAME = Stone;
			};
			name = Release;
		};
/* End XCBuildConfiguration section */

/* Begin XCConfigurationList section */
		16244D2A1DF7B8D200EF6BDB /* Build configuration list for PBXProject "Stone" */ = {
			isa = XCConfigurationList;
			buildConfigurations = (
				16244D5A1DF7B8D200EF6BDB /* Debug */,
				16244D5B1DF7B8D200EF6BDB /* Release */,
			);
			defaultConfigurationIsVisible = 0;
			defaultConfigurationName = Release;
		};
		16244D5C1DF7B8D200EF6BDB /* Build configuration list for PBXNativeTarget "Stone" */ = {
			isa = XCConfigurationList;
			buildConfigurations = (
				16244D5D1DF7B8D200EF6BDB /* Debug */,
				16244D5E1DF7B8D200EF6BDB /* Release */,
			);
			defaultConfigurationIsVisible = 0;
			defaultConfigurationName = Release;
		};
		16244D5F1DF7B8D200EF6BDB /* Build configuration list for PBXNativeTarget "StoneTests" */ = {
			isa = XCConfigurationList;
			buildConfigurations = (
				16244D601DF7B8D200EF6BDB /* Debug */,
				16244D611DF7B8D200EF6BDB /* Release */,
			);
			defaultConfigurationIsVisible = 0;
			defaultConfigurationName = Release;
		};
		16244D621DF7B8D200EF6BDB /* Build configuration list for PBXNativeTarget "StoneUITests" */ = {
			isa = XCConfigurationList;
			buildConfigurations = (
				16244D631DF7B8D200EF6BDB /* Debug */,
				16244D641DF7B8D200EF6BDB /* Release */,
			);
			defaultConfigurationIsVisible = 0;
			defaultConfigurationName = Release;
		};
/* End XCConfigurationList section */
	};
	rootObject = 16244D271DF7B8D200EF6BDB /* Project object */;
}
